
Microsoft Visual Studio Solution File, Format Version 12.00
# Visual Studio Version 17
VisualStudioVersion = 17.0.31903.59
MinimumVisualStudioVersion = 10.0.40219.1
Project("{FAE04EC0-301F-11D3-BF4B-00C04F79EFBC}") = "OS.Domain", "OS.Domain\OS.Domain.csproj", "{105EACB5-E6DE-4E1B-98CB-611DDDE104AF}"
EndProject
Project("{FAE04EC0-301F-11D3-BF4B-00C04F79EFBC}") = "OS.Application", "OS.Application\OS.Application.csproj", "{56C692EA-0FBE-4A87-B52D-250F5BFF175E}"
EndProject
Project("{FAE04EC0-301F-11D3-BF4B-00C04F79EFBC}") = "OS.Persistence", "OS.Persistence\OS.Persistence.csproj", "{D7CA6D20-9A68-41DA-B7FB-DC1097C486A5}"
EndProject
Project("{FAE04EC0-301F-11D3-BF4B-00C04F79EFBC}") = "OS.Webapi", "OS.Webapi\OS.Webapi.csproj", "{934D05B8-0BF8-4698-AFB5-D81ADC104593}"
EndProject
Global
	GlobalSection(SolutionConfigurationPlatforms) = preSolution
		Debug|Any CPU = Debug|Any CPU
		Debug|x64 = Debug|x64
		Debug|x86 = Debug|x86
		Release|Any CPU = Release|Any CPU
		Release|x64 = Release|x64
		Release|x86 = Release|x86
	EndGlobalSection
	GlobalSection(ProjectConfigurationPlatforms) = postSolution
		{105EACB5-E6DE-4E1B-98CB-611DDDE104AF}.Debug|Any CPU.ActiveCfg = Debug|Any CPU
		{105EACB5-E6DE-4E1B-98CB-611DDDE104AF}.Debug|Any CPU.Build.0 = Debug|Any CPU
		{105EACB5-E6DE-4E1B-98CB-611DDDE104AF}.Debug|x64.ActiveCfg = Debug|Any CPU
		{105EACB5-E6DE-4E1B-98CB-611DDDE104AF}.Debug|x64.Build.0 = Debug|Any CPU
		{105EACB5-E6DE-4E1B-98CB-611DDDE104AF}.Debug|x86.ActiveCfg = Debug|Any CPU
		{105EACB5-E6DE-4E1B-98CB-611DDDE104AF}.Debug|x86.Build.0 = Debug|Any CPU
		{105EACB5-E6DE-4E1B-98CB-611DDDE104AF}.Release|Any CPU.ActiveCfg = Release|Any CPU
		{105EACB5-E6DE-4E1B-98CB-611DDDE104AF}.Release|Any CPU.Build.0 = Release|Any CPU
		{105EACB5-E6DE-4E1B-98CB-611DDDE104AF}.Release|x64.ActiveCfg = Release|Any CPU
		{105EACB5-E6DE-4E1B-98CB-611DDDE104AF}.Release|x64.Build.0 = Release|Any CPU
		{105EACB5-E6DE-4E1B-98CB-611DDDE104AF}.Release|x86.ActiveCfg = Release|Any CPU
		{105EACB5-E6DE-4E1B-98CB-611DDDE104AF}.Release|x86.Build.0 = Release|Any CPU
		{56C692EA-0FBE-4A87-B52D-250F5BFF175E}.Debug|Any CPU.ActiveCfg = Debug|Any CPU
		{56C692EA-0FBE-4A87-B52D-250F5BFF175E}.Debug|Any CPU.Build.0 = Debug|Any CPU
		{56C692EA-0FBE-4A87-B52D-250F5BFF175E}.Debug|x64.ActiveCfg = Debug|Any CPU
		{56C692EA-0FBE-4A87-B52D-250F5BFF175E}.Debug|x64.Build.0 = Debug|Any CPU
		{56C692EA-0FBE-4A87-B52D-250F5BFF175E}.Debug|x86.ActiveCfg = Debug|Any CPU
		{56C692EA-0FBE-4A87-B52D-250F5BFF175E}.Debug|x86.Build.0 = Debug|Any CPU
		{56C692EA-0FBE-4A87-B52D-250F5BFF175E}.Release|Any CPU.ActiveCfg = Release|Any CPU
		{56C692EA-0FBE-4A87-B52D-250F5BFF175E}.Release|Any CPU.Build.0 = Release|Any CPU
		{56C692EA-0FBE-4A87-B52D-250F5BFF175E}.Release|x64.ActiveCfg = Release|Any CPU
		{56C692EA-0FBE-4A87-B52D-250F5BFF175E}.Release|x64.Build.0 = Release|Any CPU
		{56C692EA-0FBE-4A87-B52D-250F5BFF175E}.Release|x86.ActiveCfg = Release|Any CPU
		{56C692EA-0FBE-4A87-B52D-250F5BFF175E}.Release|x86.Build.0 = Release|Any CPU
		{D7CA6D20-9A68-41DA-B7FB-DC1097C486A5}.Debug|Any CPU.ActiveCfg = Debug|Any CPU
		{D7CA6D20-9A68-41DA-B7FB-DC1097C486A5}.Debug|Any CPU.Build.0 = Debug|Any CPU
		{D7CA6D20-9A68-41DA-B7FB-DC1097C486A5}.Debug|x64.ActiveCfg = Debug|Any CPU
		{D7CA6D20-9A68-41DA-B7FB-DC1097C486A5}.Debug|x64.Build.0 = Debug|Any CPU
		{D7CA6D20-9A68-41DA-B7FB-DC1097C486A5}.Debug|x86.ActiveCfg = Debug|Any CPU
		{D7CA6D20-9A68-41DA-B7FB-DC1097C486A5}.Debug|x86.Build.0 = Debug|Any CPU
		{D7CA6D20-9A68-41DA-B7FB-DC1097C486A5}.Release|Any CPU.ActiveCfg = Release|Any CPU
		{D7CA6D20-9A68-41DA-B7FB-DC1097C486A5}.Release|Any CPU.Build.0 = Release|Any CPU
		{D7CA6D20-9A68-41DA-B7FB-DC1097C486A5}.Release|x64.ActiveCfg = Release|Any CPU
		{D7CA6D20-9A68-41DA-B7FB-DC1097C486A5}.Release|x64.Build.0 = Release|Any CPU
		{D7CA6D20-9A68-41DA-B7FB-DC1097C486A5}.Release|x86.ActiveCfg = Release|Any CPU
		{D7CA6D20-9A68-41DA-B7FB-DC1097C486A5}.Release|x86.Build.0 = Release|Any CPU
		{934D05B8-0BF8-4698-AFB5-D81ADC104593}.Debug|Any CPU.ActiveCfg = Debug|Any CPU
		{934D05B8-0BF8-4698-AFB5-D81ADC104593}.Debug|Any CPU.Build.0 = Debug|Any CPU
		{934D05B8-0BF8-4698-AFB5-D81ADC104593}.Debug|x64.ActiveCfg = Debug|Any CPU
		{934D05B8-0BF8-4698-AFB5-D81ADC104593}.Debug|x64.Build.0 = Debug|Any CPU
		{934D05B8-0BF8-4698-AFB5-D81ADC104593}.Debug|x86.ActiveCfg = Debug|Any CPU
		{934D05B8-0BF8-4698-AFB5-D81ADC104593}.Debug|x86.Build.0 = Debug|Any CPU
		{934D05B8-0BF8-4698-AFB5-D81ADC104593}.Release|Any CPU.ActiveCfg = Release|Any CPU
		{934D05B8-0BF8-4698-AFB5-D81ADC104593}.Release|Any CPU.Build.0 = Release|Any CPU
		{934D05B8-0BF8-4698-AFB5-D81ADC104593}.Release|x64.ActiveCfg = Release|Any CPU
		{934D05B8-0BF8-4698-AFB5-D81ADC104593}.Release|x64.Build.0 = Release|Any CPU
		{934D05B8-0BF8-4698-AFB5-D81ADC104593}.Release|x86.ActiveCfg = Release|Any CPU
		{934D05B8-0BF8-4698-AFB5-D81ADC104593}.Release|x86.Build.0 = Release|Any CPU
	EndGlobalSection
	GlobalSection(SolutionProperties) = preSolution
		HideSolutionNode = FALSE
	EndGlobalSection
EndGlobal
